
Microsoft Visual Studio Solution File, Format Version 12.00
# Visual Studio Version 17
VisualStudioVersion = 17.8.34511.84
MinimumVisualStudioVersion = 10.0.40219.1
Project("{FAE04EC0-301F-11D3-BF4B-00C04F79EFBC}") = "FinalProjectXuong", "FinalProjectXuong\FinalProjectXuong.csproj", "{E284F9C0-3B21-474B-8BFA-3C88AE96C69D}"
EndProject
Global
	GlobalSection(SolutionConfigurationPlatforms) = preSolution
		Debug|Any CPU = Debug|Any CPU
		Release|Any CPU = Release|Any CPU
	EndGlobalSection
	GlobalSection(ProjectConfigurationPlatforms) = postSolution
		{E284F9C0-3B21-474B-8BFA-3C88AE96C69D}.Debug|Any CPU.ActiveCfg = Debug|Any CPU
		{E284F9C0-3B21-474B-8BFA-3C88AE96C69D}.Debug|Any CPU.Build.0 = Debug|Any CPU
		{E284F9C0-3B21-474B-8BFA-3C88AE96C69D}.Release|Any CPU.ActiveCfg = Release|Any CPU
		{E284F9C0-3B21-474B-8BFA-3C88AE96C69D}.Release|Any CPU.Build.0 = Release|Any CPU
	EndGlobalSection
	GlobalSection(SolutionProperties) = preSolution
		HideSolutionNode = FALSE
	EndGlobalSection
	GlobalSection(ExtensibilityGlobals) = postSolution
		SolutionGuid = {AA963FE6-DF04-488E-9B25-85F2079E19DC}
	EndGlobalSection
EndGlobal
